
Microsoft Visual Studio Solution File, Format Version 12.00
# Visual Studio 2012
Project("{FAE04EC0-301F-11D3-BF4B-00C04F79EFBC}") = "AutoUpdater", "AutoUpdater\AutoUpdater.csproj", "{4BA4719C-C6AB-49BA-9754-848CA24C1FD6}"
EndProject
Project("{FAE04EC0-301F-11D3-BF4B-00C04F79EFBC}") = "RemoteFileJsn", "RemoteFileJsn\RemoteFileJsn.csproj", "{67CF7DC7-43D7-4FBB-82F1-BD200D244588}"
EndProject
Project("{FAE04EC0-301F-11D3-BF4B-00C04F79EFBC}") = "FileServer", "FileServer\FileServer.csproj", "{1B507BE2-0747-49E1-9007-51266FAD8951}"
EndProject
Project("{2150E333-8FDC-42A3-9474-1A3956D46DE8}") = "自动更新模块", "自动更新模块", "{FFC47416-E441-4158-BD6F-70B7BAF277B8}"
EndProject
Project("{2150E333-8FDC-42A3-9474-1A3956D46DE8}") = "lib", "lib", "{CA60708F-6D20-42AB-AB6D-C1FF50B647DA}"
EndProject
Project("{FAE04EC0-301F-11D3-BF4B-00C04F79EFBC}") = "DbEntity", "DbEntity\DbEntity.csproj", "{0113C4B0-C116-4CBA-A617-F7EE5BE9C4FB}"
EndProject
Project("{FAE04EC0-301F-11D3-BF4B-00C04F79EFBC}") = "EmitMapper", "EmitMapper\EmitMapper.csproj", "{1B6AB0C8-B8E2-47AC-89E8-8B029EA1BCA2}"
EndProject
Project("{FAE04EC0-301F-11D3-BF4B-00C04F79EFBC}") = "HTMLEditorControl", "HtmlEditorControl\HTMLEditorControl.csproj", "{5873DE0F-6853-4C8E-91A4-7A6861069A9A}"
EndProject
Project("{FAE04EC0-301F-11D3-BF4B-00C04F79EFBC}") = "Ultra.Excel", "Ultra.Excel\Ultra.Excel.csproj", "{FCDEBED7-B317-4C95-8302-0BC9880293F2}"
EndProject
Project("{FAE04EC0-301F-11D3-BF4B-00C04F79EFBC}") = "Ultra.Web.Core", "Ultra.Web.Core\Ultra.Web.Core.csproj", "{AA07F32A-5FC8-4975-8A7F-1B23502D07AE}"
EndProject
Project("{FAE04EC0-301F-11D3-BF4B-00C04F79EFBC}") = "Ultra.Log", "Ultra.Log\Ultra.Log.csproj", "{F19594F2-D17A-4A0A-8827-0AD7C8E2B7B8}"
EndProject
Project("{2150E333-8FDC-42A3-9474-1A3956D46DE8}") = "UI基础库", "UI基础库", "{279CFEAE-A73C-4AAB-B8CF-73183935C1F2}"
EndProject
Project("{FAE04EC0-301F-11D3-BF4B-00C04F79EFBC}") = "Ultra.Surface", "Ultra.Surface\Ultra.Surface.csproj", "{CB518407-658A-43DD-887C-882EAE1F7B23}"
EndProject
Project("{FAE04EC0-301F-11D3-BF4B-00C04F79EFBC}") = "Ultra.Controls", "Ultra.Controls\Ultra.Controls.csproj", "{728D000A-6853-4542-BFBF-596DD0C57E54}"
EndProject
Project("{2150E333-8FDC-42A3-9474-1A3956D46DE8}") = "系统管理", "系统管理", "{4709A46C-3B3E-4BAC-946B-E8F9722487B2}"
EndProject
Project("{FAE04EC0-301F-11D3-BF4B-00C04F79EFBC}") = "Ultra.Login", "Ultra.Login\Ultra.Login.csproj", "{B351B6A3-FE48-4896-A38B-F9D53FED83F1}"
EndProject
Project("{FAE04EC0-301F-11D3-BF4B-00C04F79EFBC}") = "Ultra.LoginBind", "Ultra.LoginBind\Ultra.LoginBind.csproj", "{4378E407-621C-466F-AF57-DF6481A340FA}"
EndProject
Project("{FAE04EC0-301F-11D3-BF4B-00C04F79EFBC}") = "Ultra.Permission", "Ultra.Permission\Ultra.Permission.csproj", "{2DCF2D61-5D33-4396-B774-4C8C351FEB02}"
EndProject
Project("{FAE04EC0-301F-11D3-BF4B-00C04F79EFBC}") = "Ultra.User", "Ultra.User\Ultra.User.csproj", "{85A94057-867B-4A31-824E-ED2FFBA6C248}"
EndProject
Project("{FAE04EC0-301F-11D3-BF4B-00C04F79EFBC}") = "Ultra.Role", "Ultra.Role\Ultra.Role.csproj", "{09BD2BB3-8709-4701-8645-AD22214212B8}"
EndProject
Project("{2150E333-8FDC-42A3-9474-1A3956D46DE8}") = "程序入口", "程序入口", "{470A27C9-57A5-4F34-96E0-DEBCC9709293}"
EndProject
Project("{FAE04EC0-301F-11D3-BF4B-00C04F79EFBC}") = "Entry", "Entry\Entry.csproj", "{815EF561-0EC7-4614-A1FF-87790B51261A}"
EndProject
Project("{FAE04EC0-301F-11D3-BF4B-00C04F79EFBC}") = "DataAccess.Gui", "DataAccess.Gui\DataAccess.Gui.csproj", "{CB09E979-864C-4263-8FFD-86392E87032E}"
EndProject
Project("{FAE04EC0-301F-11D3-BF4B-00C04F79EFBC}") = "DataAccess.Util", "DataAccess.Util\DataAccess.Util.csproj", "{391A6C55-EDA7-45B7-9875-12B4FFC403FA}"
EndProject
Global
	GlobalSection(SolutionConfigurationPlatforms) = preSolution
		Debug|Any CPU = Debug|Any CPU
		Develog|Any CPU = Develog|Any CPU
		Release|Any CPU = Release|Any CPU
	EndGlobalSection
	GlobalSection(ProjectConfigurationPlatforms) = postSolution
		{4BA4719C-C6AB-49BA-9754-848CA24C1FD6}.Debug|Any CPU.ActiveCfg = Debug|Any CPU
		{4BA4719C-C6AB-49BA-9754-848CA24C1FD6}.Debug|Any CPU.Build.0 = Debug|Any CPU
		{4BA4719C-C6AB-49BA-9754-848CA24C1FD6}.Develog|Any CPU.ActiveCfg = Debug|Any CPU
		{4BA4719C-C6AB-49BA-9754-848CA24C1FD6}.Develog|Any CPU.Build.0 = Debug|Any CPU
		{4BA4719C-C6AB-49BA-9754-848CA24C1FD6}.Release|Any CPU.ActiveCfg = Release|Any CPU
		{4BA4719C-C6AB-49BA-9754-848CA24C1FD6}.Release|Any CPU.Build.0 = Release|Any CPU
		{67CF7DC7-43D7-4FBB-82F1-BD200D244588}.Debug|Any CPU.ActiveCfg = Debug|Any CPU
		{67CF7DC7-43D7-4FBB-82F1-BD200D244588}.Debug|Any CPU.Build.0 = Debug|Any CPU
		{67CF7DC7-43D7-4FBB-82F1-BD200D244588}.Develog|Any CPU.ActiveCfg = Debug|Any CPU
		{67CF7DC7-43D7-4FBB-82F1-BD200D244588}.Develog|Any CPU.Build.0 = Debug|Any CPU
		{67CF7DC7-43D7-4FBB-82F1-BD200D244588}.Release|Any CPU.ActiveCfg = Release|Any CPU
		{67CF7DC7-43D7-4FBB-82F1-BD200D244588}.Release|Any CPU.Build.0 = Release|Any CPU
		{1B507BE2-0747-49E1-9007-51266FAD8951}.Debug|Any CPU.ActiveCfg = Debug|Any CPU
		{1B507BE2-0747-49E1-9007-51266FAD8951}.Debug|Any CPU.Build.0 = Debug|Any CPU
		{1B507BE2-0747-49E1-9007-51266FAD8951}.Develog|Any CPU.ActiveCfg = Debug|Any CPU
		{1B507BE2-0747-49E1-9007-51266FAD8951}.Develog|Any CPU.Build.0 = Debug|Any CPU
		{1B507BE2-0747-49E1-9007-51266FAD8951}.Release|Any CPU.ActiveCfg = Release|Any CPU
		{1B507BE2-0747-49E1-9007-51266FAD8951}.Release|Any CPU.Build.0 = Release|Any CPU
		{0113C4B0-C116-4CBA-A617-F7EE5BE9C4FB}.Debug|Any CPU.ActiveCfg = Debug|Any CPU
		{0113C4B0-C116-4CBA-A617-F7EE5BE9C4FB}.Debug|Any CPU.Build.0 = Debug|Any CPU
		{0113C4B0-C116-4CBA-A617-F7EE5BE9C4FB}.Develog|Any CPU.ActiveCfg = Debug|Any CPU
		{0113C4B0-C116-4CBA-A617-F7EE5BE9C4FB}.Develog|Any CPU.Build.0 = Debug|Any CPU
		{0113C4B0-C116-4CBA-A617-F7EE5BE9C4FB}.Release|Any CPU.ActiveCfg = Release|Any CPU
		{0113C4B0-C116-4CBA-A617-F7EE5BE9C4FB}.Release|Any CPU.Build.0 = Release|Any CPU
		{1B6AB0C8-B8E2-47AC-89E8-8B029EA1BCA2}.Debug|Any CPU.ActiveCfg = Debug|Any CPU
		{1B6AB0C8-B8E2-47AC-89E8-8B029EA1BCA2}.Debug|Any CPU.Build.0 = Debug|Any CPU
		{1B6AB0C8-B8E2-47AC-89E8-8B029EA1BCA2}.Develog|Any CPU.ActiveCfg = Develog|Any CPU
		{1B6AB0C8-B8E2-47AC-89E8-8B029EA1BCA2}.Develog|Any CPU.Build.0 = Develog|Any CPU
		{1B6AB0C8-B8E2-47AC-89E8-8B029EA1BCA2}.Release|Any CPU.ActiveCfg = Release|Any CPU
		{1B6AB0C8-B8E2-47AC-89E8-8B029EA1BCA2}.Release|Any CPU.Build.0 = Release|Any CPU
		{5873DE0F-6853-4C8E-91A4-7A6861069A9A}.Debug|Any CPU.ActiveCfg = Debug|Any CPU
		{5873DE0F-6853-4C8E-91A4-7A6861069A9A}.Debug|Any CPU.Build.0 = Debug|Any CPU
		{5873DE0F-6853-4C8E-91A4-7A6861069A9A}.Develog|Any CPU.ActiveCfg = Debug|Any CPU
		{5873DE0F-6853-4C8E-91A4-7A6861069A9A}.Develog|Any CPU.Build.0 = Debug|Any CPU
		{5873DE0F-6853-4C8E-91A4-7A6861069A9A}.Release|Any CPU.ActiveCfg = Release|Any CPU
		{5873DE0F-6853-4C8E-91A4-7A6861069A9A}.Release|Any CPU.Build.0 = Release|Any CPU
		{FCDEBED7-B317-4C95-8302-0BC9880293F2}.Debug|Any CPU.ActiveCfg = Debug|Any CPU
		{FCDEBED7-B317-4C95-8302-0BC9880293F2}.Debug|Any CPU.Build.0 = Debug|Any CPU
		{FCDEBED7-B317-4C95-8302-0BC9880293F2}.Develog|Any CPU.ActiveCfg = Debug|Any CPU
		{FCDEBED7-B317-4C95-8302-0BC9880293F2}.Develog|Any CPU.Build.0 = Debug|Any CPU
		{FCDEBED7-B317-4C95-8302-0BC9880293F2}.Release|Any CPU.ActiveCfg = Release|Any CPU
		{FCDEBED7-B317-4C95-8302-0BC9880293F2}.Release|Any CPU.Build.0 = Release|Any CPU
		{AA07F32A-5FC8-4975-8A7F-1B23502D07AE}.Debug|Any CPU.ActiveCfg = Debug|Any CPU
		{AA07F32A-5FC8-4975-8A7F-1B23502D07AE}.Debug|Any CPU.Build.0 = Debug|Any CPU
		{AA07F32A-5FC8-4975-8A7F-1B23502D07AE}.Develog|Any CPU.ActiveCfg = Debug|Any CPU
		{AA07F32A-5FC8-4975-8A7F-1B23502D07AE}.Develog|Any CPU.Build.0 = Debug|Any CPU
		{AA07F32A-5FC8-4975-8A7F-1B23502D07AE}.Release|Any CPU.ActiveCfg = Release|Any CPU
		{AA07F32A-5FC8-4975-8A7F-1B23502D07AE}.Release|Any CPU.Build.0 = Release|Any CPU
		{F19594F2-D17A-4A0A-8827-0AD7C8E2B7B8}.Debug|Any CPU.ActiveCfg = Debug|Any CPU
		{F19594F2-D17A-4A0A-8827-0AD7C8E2B7B8}.Debug|Any CPU.Build.0 = Debug|Any CPU
		{F19594F2-D17A-4A0A-8827-0AD7C8E2B7B8}.Develog|Any CPU.ActiveCfg = Debug|Any CPU
		{F19594F2-D17A-4A0A-8827-0AD7C8E2B7B8}.Develog|Any CPU.Build.0 = Debug|Any CPU
		{F19594F2-D17A-4A0A-8827-0AD7C8E2B7B8}.Release|Any CPU.ActiveCfg = Release|Any CPU
		{F19594F2-D17A-4A0A-8827-0AD7C8E2B7B8}.Release|Any CPU.Build.0 = Release|Any CPU
		{CB518407-658A-43DD-887C-882EAE1F7B23}.Debug|Any CPU.ActiveCfg = Debug|Any CPU
		{CB518407-658A-43DD-887C-882EAE1F7B23}.Debug|Any CPU.Build.0 = Debug|Any CPU
		{CB518407-658A-43DD-887C-882EAE1F7B23}.Develog|Any CPU.ActiveCfg = Debug|Any CPU
		{CB518407-658A-43DD-887C-882EAE1F7B23}.Develog|Any CPU.Build.0 = Debug|Any CPU
		{CB518407-658A-43DD-887C-882EAE1F7B23}.Release|Any CPU.ActiveCfg = Release|Any CPU
		{CB518407-658A-43DD-887C-882EAE1F7B23}.Release|Any CPU.Build.0 = Release|Any CPU
		{728D000A-6853-4542-BFBF-596DD0C57E54}.Debug|Any CPU.ActiveCfg = Debug|Any CPU
		{728D000A-6853-4542-BFBF-596DD0C57E54}.Debug|Any CPU.Build.0 = Debug|Any CPU
		{728D000A-6853-4542-BFBF-596DD0C57E54}.Develog|Any CPU.ActiveCfg = Debug|Any CPU
		{728D000A-6853-4542-BFBF-596DD0C57E54}.Develog|Any CPU.Build.0 = Debug|Any CPU
		{728D000A-6853-4542-BFBF-596DD0C57E54}.Release|Any CPU.ActiveCfg = Release|Any CPU
		{728D000A-6853-4542-BFBF-596DD0C57E54}.Release|Any CPU.Build.0 = Release|Any CPU
		{B351B6A3-FE48-4896-A38B-F9D53FED83F1}.Debug|Any CPU.ActiveCfg = Debug|Any CPU
		{B351B6A3-FE48-4896-A38B-F9D53FED83F1}.Debug|Any CPU.Build.0 = Debug|Any CPU
		{B351B6A3-FE48-4896-A38B-F9D53FED83F1}.Develog|Any CPU.ActiveCfg = Debug|Any CPU
		{B351B6A3-FE48-4896-A38B-F9D53FED83F1}.Develog|Any CPU.Build.0 = Debug|Any CPU
		{B351B6A3-FE48-4896-A38B-F9D53FED83F1}.Release|Any CPU.ActiveCfg = Release|Any CPU
		{B351B6A3-FE48-4896-A38B-F9D53FED83F1}.Release|Any CPU.Build.0 = Release|Any CPU
		{4378E407-621C-466F-AF57-DF6481A340FA}.Debug|Any CPU.ActiveCfg = Debug|Any CPU
		{4378E407-621C-466F-AF57-DF6481A340FA}.Debug|Any CPU.Build.0 = Debug|Any CPU
		{4378E407-621C-466F-AF57-DF6481A340FA}.Develog|Any CPU.ActiveCfg = Debug|Any CPU
		{4378E407-621C-466F-AF57-DF6481A340FA}.Develog|Any CPU.Build.0 = Debug|Any CPU
		{4378E407-621C-466F-AF57-DF6481A340FA}.Release|Any CPU.ActiveCfg = Release|Any CPU
		{4378E407-621C-466F-AF57-DF6481A340FA}.Release|Any CPU.Build.0 = Release|Any CPU
		{2DCF2D61-5D33-4396-B774-4C8C351FEB02}.Debug|Any CPU.ActiveCfg = Debug|Any CPU
		{2DCF2D61-5D33-4396-B774-4C8C351FEB02}.Debug|Any CPU.Build.0 = Debug|Any CPU
		{2DCF2D61-5D33-4396-B774-4C8C351FEB02}.Develog|Any CPU.ActiveCfg = Debug|Any CPU
		{2DCF2D61-5D33-4396-B774-4C8C351FEB02}.Develog|Any CPU.Build.0 = Debug|Any CPU
		{2DCF2D61-5D33-4396-B774-4C8C351FEB02}.Release|Any CPU.ActiveCfg = Release|Any CPU
		{2DCF2D61-5D33-4396-B774-4C8C351FEB02}.Release|Any CPU.Build.0 = Release|Any CPU
		{85A94057-867B-4A31-824E-ED2FFBA6C248}.Debug|Any CPU.ActiveCfg = Debug|Any CPU
		{85A94057-867B-4A31-824E-ED2FFBA6C248}.Debug|Any CPU.Build.0 = Debug|Any CPU
		{85A94057-867B-4A31-824E-ED2FFBA6C248}.Develog|Any CPU.ActiveCfg = Debug|Any CPU
		{85A94057-867B-4A31-824E-ED2FFBA6C248}.Develog|Any CPU.Build.0 = Debug|Any CPU
		{85A94057-867B-4A31-824E-ED2FFBA6C248}.Release|Any CPU.ActiveCfg = Release|Any CPU
		{85A94057-867B-4A31-824E-ED2FFBA6C248}.Release|Any CPU.Build.0 = Release|Any CPU
		{09BD2BB3-8709-4701-8645-AD22214212B8}.Debug|Any CPU.ActiveCfg = Debug|Any CPU
		{09BD2BB3-8709-4701-8645-AD22214212B8}.Debug|Any CPU.Build.0 = Debug|Any CPU
		{09BD2BB3-8709-4701-8645-AD22214212B8}.Develog|Any CPU.ActiveCfg = Debug|Any CPU
		{09BD2BB3-8709-4701-8645-AD22214212B8}.Develog|Any CPU.Build.0 = Debug|Any CPU
		{09BD2BB3-8709-4701-8645-AD22214212B8}.Release|Any CPU.ActiveCfg = Release|Any CPU
		{09BD2BB3-8709-4701-8645-AD22214212B8}.Release|Any CPU.Build.0 = Release|Any CPU
		{815EF561-0EC7-4614-A1FF-87790B51261A}.Debug|Any CPU.ActiveCfg = Debug|Any CPU
		{815EF561-0EC7-4614-A1FF-87790B51261A}.Debug|Any CPU.Build.0 = Debug|Any CPU
		{815EF561-0EC7-4614-A1FF-87790B51261A}.Develog|Any CPU.ActiveCfg = Debug|Any CPU
		{815EF561-0EC7-4614-A1FF-87790B51261A}.Develog|Any CPU.Build.0 = Debug|Any CPU
		{815EF561-0EC7-4614-A1FF-87790B51261A}.Release|Any CPU.ActiveCfg = Release|Any CPU
		{815EF561-0EC7-4614-A1FF-87790B51261A}.Release|Any CPU.Build.0 = Release|Any CPU
		{CB09E979-864C-4263-8FFD-86392E87032E}.Debug|Any CPU.ActiveCfg = Debug|Any CPU
		{CB09E979-864C-4263-8FFD-86392E87032E}.Debug|Any CPU.Build.0 = Debug|Any CPU
		{CB09E979-864C-4263-8FFD-86392E87032E}.Develog|Any CPU.ActiveCfg = Debug|Any CPU
		{CB09E979-864C-4263-8FFD-86392E87032E}.Develog|Any CPU.Build.0 = Debug|Any CPU
		{CB09E979-864C-4263-8FFD-86392E87032E}.Release|Any CPU.ActiveCfg = Release|Any CPU
		{CB09E979-864C-4263-8FFD-86392E87032E}.Release|Any CPU.Build.0 = Release|Any CPU
		{391A6C55-EDA7-45B7-9875-12B4FFC403FA}.Debug|Any CPU.ActiveCfg = Debug|Any CPU
		{391A6C55-EDA7-45B7-9875-12B4FFC403FA}.Debug|Any CPU.Build.0 = Debug|Any CPU
		{391A6C55-EDA7-45B7-9875-12B4FFC403FA}.Develog|Any CPU.ActiveCfg = Debug|Any CPU
		{391A6C55-EDA7-45B7-9875-12B4FFC403FA}.Develog|Any CPU.Build.0 = Debug|Any CPU
		{391A6C55-EDA7-45B7-9875-12B4FFC403FA}.Release|Any CPU.ActiveCfg = Release|Any CPU
		{391A6C55-EDA7-45B7-9875-12B4FFC403FA}.Release|Any CPU.Build.0 = Release|Any CPU
	EndGlobalSection
	GlobalSection(SolutionProperties) = preSolution
		HideSolutionNode = FALSE
	EndGlobalSection
	GlobalSection(NestedProjects) = preSolution
		{67CF7DC7-43D7-4FBB-82F1-BD200D244588} = {FFC47416-E441-4158-BD6F-70B7BAF277B8}
		{1B507BE2-0747-49E1-9007-51266FAD8951} = {FFC47416-E441-4158-BD6F-70B7BAF277B8}
		{4BA4719C-C6AB-49BA-9754-848CA24C1FD6} = {FFC47416-E441-4158-BD6F-70B7BAF277B8}
		{0113C4B0-C116-4CBA-A617-F7EE5BE9C4FB} = {CA60708F-6D20-42AB-AB6D-C1FF50B647DA}
		{1B6AB0C8-B8E2-47AC-89E8-8B029EA1BCA2} = {CA60708F-6D20-42AB-AB6D-C1FF50B647DA}
		{FCDEBED7-B317-4C95-8302-0BC9880293F2} = {CA60708F-6D20-42AB-AB6D-C1FF50B647DA}
		{AA07F32A-5FC8-4975-8A7F-1B23502D07AE} = {CA60708F-6D20-42AB-AB6D-C1FF50B647DA}
		{F19594F2-D17A-4A0A-8827-0AD7C8E2B7B8} = {CA60708F-6D20-42AB-AB6D-C1FF50B647DA}
		{CB09E979-864C-4263-8FFD-86392E87032E} = {CA60708F-6D20-42AB-AB6D-C1FF50B647DA}
		{391A6C55-EDA7-45B7-9875-12B4FFC403FA} = {CA60708F-6D20-42AB-AB6D-C1FF50B647DA}
		{5873DE0F-6853-4C8E-91A4-7A6861069A9A} = {279CFEAE-A73C-4AAB-B8CF-73183935C1F2}
		{CB518407-658A-43DD-887C-882EAE1F7B23} = {279CFEAE-A73C-4AAB-B8CF-73183935C1F2}
		{728D000A-6853-4542-BFBF-596DD0C57E54} = {279CFEAE-A73C-4AAB-B8CF-73183935C1F2}
		{B351B6A3-FE48-4896-A38B-F9D53FED83F1} = {4709A46C-3B3E-4BAC-946B-E8F9722487B2}
		{4378E407-621C-466F-AF57-DF6481A340FA} = {4709A46C-3B3E-4BAC-946B-E8F9722487B2}
		{2DCF2D61-5D33-4396-B774-4C8C351FEB02} = {4709A46C-3B3E-4BAC-946B-E8F9722487B2}
		{85A94057-867B-4A31-824E-ED2FFBA6C248} = {4709A46C-3B3E-4BAC-946B-E8F9722487B2}
		{09BD2BB3-8709-4701-8645-AD22214212B8} = {4709A46C-3B3E-4BAC-946B-E8F9722487B2}
		{815EF561-0EC7-4614-A1FF-87790B51261A} = {470A27C9-57A5-4F34-96E0-DEBCC9709293}
	EndGlobalSection
EndGlobal
